// !$*UTF8*$!
{
	archiveVersion = 1;
	classes = {
	};
	objectVersion = 46;
	objects = {

/* Begin PBXBuildFile section */
		6D7FC22F1B38BC1E00C79A2B /* AppDelegate.swift in Sources */ = {isa = PBXBuildFile; fileRef = 6D7FC22E1B38BC1E00C79A2B /* AppDelegate.swift */; };
		6D7FC2341B38BC1E00C79A2B /* Main.storyboard in Resources */ = {isa = PBXBuildFile; fileRef = 6D7FC2321B38BC1E00C79A2B /* Main.storyboard */; };
		6D7FC2361B38BC1E00C79A2B /* Images.xcassets in Resources */ = {isa = PBXBuildFile; fileRef = 6D7FC2351B38BC1E00C79A2B /* Images.xcassets */; };
		6D7FC2451B38BC1E00C79A2B /* demoTests.swift in Sources */ = {isa = PBXBuildFile; fileRef = 6D7FC2441B38BC1E00C79A2B /* demoTests.swift */; };
/* End PBXBuildFile section */

/* Begin PBXContainerItemProxy section */
		6D7FC23F1B38BC1E00C79A2B /* PBXContainerItemProxy */ = {
			isa = PBXContainerItemProxy;
			containerPortal = 6D7FC2211B38BC1E00C79A2B /* Project object */;
			proxyType = 1;
			remoteGlobalIDString = 6D7FC2281B38BC1E00C79A2B;
			remoteInfo = demo;
		};
/* End PBXContainerItemProxy section */

/* Begin PBXFileReference section */
		6D7FC2291B38BC1E00C79A2B /* demo.app */ = {isa = PBXFileReference; explicitFileType = wrapper.application; includeInIndex = 0; path = demo.app; sourceTree = BUILT_PRODUCTS_DIR; };
		6D7FC22D1B38BC1E00C79A2B /* Info.plist */ = {isa = PBXFileReference; lastKnownFileType = text.plist.xml; path = Info.plist; sourceTree = "<group>"; };
		6D7FC22E1B38BC1E00C79A2B /* AppDelegate.swift */ = {isa = PBXFileReference; lastKnownFileType = sourcecode.swift; path = AppDelegate.swift; sourceTree = "<group>"; };
		6D7FC2331B38BC1E00C79A2B /* Base */ = {isa = PBXFileReference; lastKnownFileType = file.storyboard; name = Base; path = Base.lproj/Main.storyboard; sourceTree = "<group>"; };
		6D7FC2351B38BC1E00C79A2B /* Images.xcassets */ = {isa = PBXFileReference; lastKnownFileType = folder.assetcatalog; path = Images.xcassets; sourceTree = "<group>"; };
		6D7FC23E1B38BC1E00C79A2B /* demoTests.xctest */ = {isa = PBXFileReference; explicitFileType = wrapper.cfbundle; includeInIndex = 0; path = demoTests.xctest; sourceTree = BUILT_PRODUCTS_DIR; };
		6D7FC2431B38BC1E00C79A2B /* Info.plist */ = {isa = PBXFileReference; lastKnownFileType = text.plist.xml; path = Info.plist; sourceTree = "<group>"; };
		6D7FC2441B38BC1E00C79A2B /* demoTests.swift */ = {isa = PBXFileReference; lastKnownFileType = sourcecode.swift; path = demoTests.swift; sourceTree = "<group>"; };
/* End PBXFileReference section */

/* Begin PBXFrameworksBuildPhase section */
		6D7FC2261B38BC1E00C79A2B /* Frameworks */ = {
			isa = PBXFrameworksBuildPhase;
			buildActionMask = 2147483647;
			files = (
			);
			runOnlyForDeploymentPostprocessing = 0;
		};
		6D7FC23B1B38BC1E00C79A2B /* Frameworks */ = {
			isa = PBXFrameworksBuildPhase;
			buildActionMask = 2147483647;
			files = (
			);
			runOnlyForDeploymentPostprocessing = 0;
		};
/* End PBXFrameworksBuildPhase section */

/* Begin PBXGroup section */
		6D7FC2201B38BC1E00C79A2B = {
			isa = PBXGroup;
			children = (
				6D7FC22B1B38BC1E00C79A2B /* demo */,
				6D7FC2411B38BC1E00C79A2B /* demoTests */,
				6D7FC22A1B38BC1E00C79A2B /* Products */,
			);
			sourceTree = "<group>";
		};
		6D7FC22A1B38BC1E00C79A2B /* Products */ = {
			isa = PBXGroup;
			children = (
				6D7FC2291B38BC1E00C79A2B /* demo.app */,
				6D7FC23E1B38BC1E00C79A2B /* demoTests.xctest */,
			);
			name = Products;
			sourceTree = "<group>";
		};
		6D7FC22B1B38BC1E00C79A2B /* demo */ = {
			isa = PBXGroup;
			children = (
				6D7FC22E1B38BC1E00C79A2B /* AppDelegate.swift */,
				6D7FC2321B38BC1E00C79A2B /* Main.storyboard */,
				6D7FC2351B38BC1E00C79A2B /* Images.xcassets */,
				6D7FC22C1B38BC1E00C79A2B /* Supporting Files */,
			);
			path = demo;
			sourceTree = "<group>";
		};
		6D7FC22C1B38BC1E00C79A2B /* Supporting Files */ = {
			isa = PBXGroup;
			children = (
				6D7FC22D1B38BC1E00C79A2B /* Info.plist */,
			);
			name = "Supporting Files";
			sourceTree = "<group>";
		};
		6D7FC2411B38BC1E00C79A2B /* demoTests */ = {
			isa = PBXGroup;
			children = (
				6D7FC2441B38BC1E00C79A2B /* demoTests.swift */,
				6D7FC2421B38BC1E00C79A2B /* Supporting Files */,
			);
			path = demoTests;
			sourceTree = "<group>";
		};
		6D7FC2421B38BC1E00C79A2B /* Supporting Files */ = {
			isa = PBXGroup;
			children = (
				6D7FC2431B38BC1E00C79A2B /* Info.plist */,
			);
			name = "Supporting Files";
			sourceTree = "<group>";
		};
/* End PBXGroup section */

/* Begin PBXNativeTarget section */
		6D7FC2281B38BC1E00C79A2B /* demo */ = {
			isa = PBXNativeTarget;
			buildConfigurationList = 6D7FC2481B38BC1E00C79A2B /* Build configuration list for PBXNativeTarget "demo" */;
			buildPhases = (
				6D7FC2251B38BC1E00C79A2B /* Sources */,
				6D7FC2261B38BC1E00C79A2B /* Frameworks */,
				6D7FC2271B38BC1E00C79A2B /* Resources */,
			);
			buildRules = (
			);
			dependencies = (
			);
			name = demo;
			productName = demo;
			productReference = 6D7FC2291B38BC1E00C79A2B /* demo.app */;
			productType = "com.apple.product-type.application";
		};
		6D7FC23D1B38BC1E00C79A2B /* demoTests */ = {
			isa = PBXNativeTarget;
			buildConfigurationList = 6D7FC24B1B38BC1E00C79A2B /* Build configuration list for PBXNativeTarget "demoTests" */;
			buildPhases = (
				6D7FC23A1B38BC1E00C79A2B /* Sources */,
				6D7FC23B1B38BC1E00C79A2B /* Frameworks */,
				6D7FC23C1B38BC1E00C79A2B /* Resources */,
			);
			buildRules = (
			);
			dependencies = (
				6D7FC2401B38BC1E00C79A2B /* PBXTargetDependency */,
			);
			name = demoTests;
			productName = demoTests;
			productReference = 6D7FC23E1B38BC1E00C79A2B /* demoTests.xctest */;
			productType = "com.apple.product-type.bundle.unit-test";
		};
/* End PBXNativeTarget section */

/* Begin PBXProject section */
		6D7FC2211B38BC1E00C79A2B /* Project object */ = {
			isa = PBXProject;
			attributes = {
				LastUpgradeCheck = 0630;
				ORGANIZATIONNAME = "Fu Rongtang";
				TargetAttributes = {
					6D7FC2281B38BC1E00C79A2B = {
						CreatedOnToolsVersion = 6.3.2;
					};
					6D7FC23D1B38BC1E00C79A2B = {
						CreatedOnToolsVersion = 6.3.2;
						TestTargetID = 6D7FC2281B38BC1E00C79A2B;
					};
				};
			};
			buildConfigurationList = 6D7FC2241B38BC1E00C79A2B /* Build configuration list for PBXProject "demo" */;
			compatibilityVersion = "Xcode 3.2";
			developmentRegion = English;
			hasScannedForEncodings = 0;
			knownRegions = (
				en,
				Base,
			);
			mainGroup = 6D7FC2201B38BC1E00C79A2B;
			productRefGroup = 6D7FC22A1B38BC1E00C79A2B /* Products */;
			projectDirPath = "";
			projectRoot = "";
			targets = (
				6D7FC2281B38BC1E00C79A2B /* demo */,
				6D7FC23D1B38BC1E00C79A2B /* demoTests */,
			);
		};
/* End PBXProject section */

/* Begin PBXResourcesBuildPhase section */
		6D7FC2271B38BC1E00C79A2B /* Resources */ = {
			isa = PBXResourcesBuildPhase;
			buildActionMask = 2147483647;
			files = (
				6D7FC2341B38BC1E00C79A2B /* Main.storyboard in Resources */,
				6D7FC2361B38BC1E00C79A2B /* Images.xcassets in Resources */,
			);
			runOnlyForDeploymentPostprocessing = 0;
		};
		6D7FC23C1B38BC1E00C79A2B /* Resources */ = {
			isa = PBXResourcesBuildPhase;
			buildActionMask = 2147483647;
			files = (
			);
			runOnlyForDeploymentPostprocessing = 0;
		};
/* End PBXResourcesBuildPhase section */

/* Begin PBXSourcesBuildPhase section */
		6D7FC2251B38BC1E00C79A2B /* Sources */ = {
			isa = PBXSourcesBuildPhase;
			buildActionMask = 2147483647;
			files = (
				6D7FC22F1B38BC1E00C79A2B /* AppDelegate.swift in Sources */,
			);
			runOnlyForDeploymentPostprocessing = 0;
		};
		6D7FC23A1B38BC1E00C79A2B /* Sources */ = {
			isa = PBXSourcesBuildPhase;
			buildActionMask = 2147483647;
			files = (
				6D7FC2451B38BC1E00C79A2B /* demoTests.swift in Sources */,
			);
			runOnlyForDeploymentPostprocessing = 0;
		};
/* End PBXSourcesBuildPhase section */

/* Begin PBXTargetDependency section */
		6D7FC2401B38BC1E00C79A2B /* PBXTargetDependency */ = {
			isa = PBXTargetDependency;
			target = 6D7FC2281B38BC1E00C79A2B /* demo */;
			targetProxy = 6D7FC23F1B38BC1E00C79A2B /* PBXContainerItemProxy */;
		};
/* End PBXTargetDependency section */

/* Begin PBXVariantGroup section */
		6D7FC2321B38BC1E00C79A2B /* Main.storyboard */ = {
			isa = PBXVariantGroup;
			children = (
				6D7FC2331B38BC1E00C79A2B /* Base */,
			);
			name = Main.storyboard;
			sourceTree = "<group>";
		};
/* End PBXVariantGroup section */

/* Begin XCBuildConfiguration section */
		6D7FC2461B38BC1E00C79A2B /* Debug */ = {
			isa = XCBuildConfiguration;
			buildSettings = {
				ALWAYS_SEARCH_USER_PATHS = NO;
				CLANG_CXX_LANGUAGE_STANDARD = "gnu++0x";
				CLANG_CXX_LIBRARY = "libc++";
				CLANG_ENABLE_MODULES = YES;
				CLANG_ENABLE_OBJC_ARC = YES;
				CLANG_WARN_BOOL_CONVERSION = YES;
				CLANG_WARN_CONSTANT_CONVERSION = YES;
				CLANG_WARN_DIRECT_OBJC_ISA_USAGE = YES_ERROR;
				CLANG_WARN_EMPTY_BODY = YES;
				CLANG_WARN_ENUM_CONVERSION = YES;
				CLANG_WARN_INT_CONVERSION = YES;
				CLANG_WARN_OBJC_ROOT_CLASS = YES_ERROR;
				CLANG_WARN_UNREACHABLE_CODE = YES;
				CLANG_WARN__DUPLICATE_METHOD_MATCH = YES;
				"CODE_SIGN_IDENTITY[sdk=iphoneos*]" = "iPhone Developer";
				COPY_PHASE_STRIP = NO;
				DEBUG_INFORMATION_FORMAT = "dwarf-with-dsym";
				ENABLE_STRICT_OBJC_MSGSEND = YES;
				GCC_C_LANGUAGE_STANDARD = gnu99;
				GCC_DYNAMIC_NO_PIC = NO;
				GCC_NO_COMMON_BLOCKS = YES;
				GCC_OPTIMIZATION_LEVEL = 0;
				GCC_PREPROCESSOR_DEFINITIONS = (
					"DEBUG=1",
					"$(inherited)",
				);
				GCC_SYMBOLS_PRIVATE_EXTERN = NO;
				GCC_WARN_64_TO_32_BIT_CONVERSION = YES;
				GCC_WARN_ABOUT_RETURN_TYPE = YES_ERROR;
				GCC_WARN_UNDECLARED_SELECTOR = YES;
				GCC_WARN_UNINITIALIZED_AUTOS = YES_AGGRESSIVE;
				GCC_WARN_UNUSED_FUNCTION = YES;
				GCC_WARN_UNUSED_VARIABLE = YES;
				IPHONEOS_DEPLOYMENT_TARGET = 8.3;
				MTL_ENABLE_DEBUG_INFO = YES;
				ONLY_ACTIVE_ARCH = YES;
				SDKROOT = iphoneos;
				SWIFT_OPTIMIZATION_LEVEL = "-Onone";
			};
			name = Debug;
		};
		6D7FC2471B38BC1E00C79A2B /* Release */ = {
			isa = XCBuildConfiguration;
			buildSettings = {
				ALWAYS_SEARCH_USER_PATHS = NO;
				CLANG_CXX_LANGUAGE_STANDARD = "gnu++0x";
				CLANG_CXX_LIBRARY = "libc++";
				CLANG_ENABLE_MODULES = YES;
				CLANG_ENABLE_OBJC_ARC = YES;
				CLANG_WARN_BOOL_CONVERSION = YES;
				CLANG_WARN_CONSTANT_CONVERSION = YES;
				CLANG_WARN_DIRECT_OBJC_ISA_USAGE = YES_ERROR;
				CLANG_WARN_EMPTY_BODY = YES;
				CLANG_WARN_ENUM_CONVERSION = YES;
				CLANG_WARN_INT_CONVERSION = YES;
				CLANG_WARN_OBJC_ROOT_CLASS = YES_ERROR;
				CLANG_WARN_UNREACHABLE_CODE = YES;
				CLANG_WARN__DUPLICATE_METHOD_MATCH = YES;
				"CODE_SIGN_IDENTITY[sdk=iphoneos*]" = "iPhone Developer";
				COPY_PHASE_STRIP = NO;
				DEBUG_INFORMATION_FORMAT = "dwarf-with-dsym";
				ENABLE_NS_ASSERTIONS = NO;
				ENABLE_STRICT_OBJC_MSGSEND = YES;
				GCC_C_LANGUAGE_STANDARD = gnu99;
				GCC_NO_COMMON_BLOCKS = YES;
				GCC_WARN_64_TO_32_BIT_CONVERSION = YES;
				GCC_WARN_ABOUT_RETURN_TYPE = YES_ERROR;
				GCC_WARN_UNDECLARED_SELECTOR = YES;
				GCC_WARN_UNINITIALIZED_AUTOS = YES_AGGRESSIVE;
				GCC_WARN_UNUSED_FUNCTION = YES;
				GCC_WARN_UNUSED_VARIABLE = YES;
				IPHONEOS_DEPLOYMENT_TARGET = 8.3;
				MTL_ENABLE_DEBUG_INFO = NO;
				SDKROOT = iphoneos;
				VALIDATE_PRODUCT = YES;
			};
			name = Release;
		};
		6D7FC2491B38BC1E00C79A2B /* Debug */ = {
			isa = XCBuildConfiguration;
			buildSettings = {
				ASSETCATALOG_COMPILER_APPICON_NAME = AppIcon;
				INFOPLIST_FILE = demo/Info.plist;
				LD_RUNPATH_SEARCH_PATHS = "$(inherited) @executable_path/Frameworks";
				PRODUCT_NAME = "$(TARGET_NAME)";
			};
			name = Debug;
		};
		6D7FC24A1B38BC1E00C79A2B /* Release */ = {
			isa = XCBuildConfiguration;
			buildSettings = {
				ASSETCATALOG_COMPILER_APPICON_NAME = AppIcon;
				INFOPLIST_FILE = demo/Info.plist;
				LD_RUNPATH_SEARCH_PATHS = "$(inherited) @executable_path/Frameworks";
				PRODUCT_NAME = "$(TARGET_NAME)";
			};
			name = Release;
		};
		6D7FC24C1B38BC1E00C79A2B /* Debug */ = {
			isa = XCBuildConfiguration;
			buildSettings = {
				BUNDLE_LOADER = "$(TEST_HOST)";
				FRAMEWORK_SEARCH_PATHS = (
					"$(SDKROOT)/Developer/Library/Frameworks",
					"$(inherited)",
				);
				GCC_PREPROCESSOR_DEFINITIONS = (
					"DEBUG=1",
					"$(inherited)",
				);
				INFOPLIST_FILE = demoTests/Info.plist;
				LD_RUNPATH_SEARCH_PATHS = "$(inherited) @executable_path/Frameworks @loader_path/Frameworks";
				PRODUCT_NAME = "$(TARGET_NAME)";
				TEST_HOST = "$(BUILT_PRODUCTS_DIR)/demo.app/demo";
			};
			name = Debug;
		};
		6D7FC24D1B38BC1E00C79A2B /* Release */ = {
			isa = XCBuildConfiguration;
			buildSettings = {
				BUNDLE_LOADER = "$(TEST_HOST)";
				FRAMEWORK_SEARCH_PATHS = (
					"$(SDKROOT)/Developer/Library/Frameworks",
					"$(inherited)",
				);
				INFOPLIST_FILE = demoTests/Info.plist;
				LD_RUNPATH_SEARCH_PATHS = "$(inherited) @executable_path/Frameworks @loader_path/Frameworks";
				PRODUCT_NAME = "$(TARGET_NAME)";
				TEST_HOST = "$(BUILT_PRODUCTS_DIR)/demo.app/demo";
			};
			name = Release;
		};
/* End XCBuildConfiguration section */

/* Begin XCConfigurationList section */
		6D7FC2241B38BC1E00C79A2B /* Build configuration list for PBXProject "demo" */ = {
			isa = XCConfigurationList;
			buildConfigurations = (
				6D7FC2461B38BC1E00C79A2B /* Debug */,
				6D7FC2471B38BC1E00C79A2B /* Release */,
			);
			defaultConfigurationIsVisible = 0;
			defaultConfigurationName = Release;
		};
		6D7FC2481B38BC1E00C79A2B /* Build configuration list for PBXNativeTarget "demo" */ = {
			isa = XCConfigurationList;
			buildConfigurations = (
				6D7FC2491B38BC1E00C79A2B /* Debug */,
				6D7FC24A1B38BC1E00C79A2B /* Release */,
			);
			defaultConfigurationIsVisible = 0;
			defaultConfigurationName = Release;
		};
		6D7FC24B1B38BC1E00C79A2B /* Build configuration list for PBXNativeTarget "demoTests" */ = {
			isa = XCConfigurationList;
			buildConfigurations = (
				6D7FC24C1B38BC1E00C79A2B /* Debug */,
				6D7FC24D1B38BC1E00C79A2B /* Release */,
			);
			defaultConfigurationIsVisible = 0;
			defaultConfigurationName = Release;
		};
/* End XCConfigurationList section */
	};
	rootObject = 6D7FC2211B38BC1E00C79A2B /* Project object */;
}
